PODS:
  - Alamofire (5.7.1)
  - NetCore (1.0.2):
    - Alamofire
    - OHHTTPStubs/Swift
  - OHHTTPStubs/Core (9.1.0)
  - OHHTTPStubs/Default (9.1.0):
    - OHHTTPStubs/Core
    - OHHTTPStubs/JSON
    - OHHTTPStubs/NSURLSession
    - OHHTTPStubs/OHPathHelpers
  - OHHTTPStubs/JSON (9.1.0):
    - OHHTTPStubs/Core
  - OHHTTPStubs/NSURLSession (9.1.0):
    - OHHTTPStubs/Core
  - OHHTTPStubs/OHPathHelpers (9.1.0)
  - OHHTTPStubs/Swift (9.1.0):
    - OHHTTPStubs/Default

DEPENDENCIES:
  - NetCore (from `../`)

SPEC REPOS:
  trunk:
    - Alamofire
    - OHHTTPStubs

EXTERNAL SOURCES:
  NetCore:
    :path: "../"

SPEC CHECKSUMS:
  Alamofire: 0123a34370cb170936ae79a8df46cc62b2edeb88
  NetCore: d720be7b39a486d1e01293a9f5da5997c893cc0f
  OHHTTPStubs: 90eac6d8f2c18317baeca36698523dc67c513831

PODFILE CHECKSUM: 93931aabe0208cae51cc269ee161860bcc6309ab

COCOAPODS: 1.12.1
